// !$*UTF8*$!
{
	archiveVersion = 1;
	classes = {
	};
	objectVersion = 46;
	objects = {

/* Begin PBXBuildFile section */
		012E9D501BD1F5E7004D23CC /* FoodPin.xcdatamodeld in Sources */ = {isa = PBXBuildFile; fileRef = 012E9D4E1BD1F5E7004D23CC /* FoodPin.xcdatamodeld */; settings = {ASSET_TAGS = (); }; };
		016266C31BCDFE0E009D06E1 /* AppDelegate.swift in Sources */ = {isa = PBXBuildFile; fileRef = 016266C21BCDFE0E009D06E1 /* AppDelegate.swift */; };
		016266C81BCDFE0E009D06E1 /* Main.storyboard in Resources */ = {isa = PBXBuildFile; fileRef = 016266C61BCDFE0E009D06E1 /* Main.storyboard */; };
		016266CA1BCDFE0E009D06E1 /* Assets.xcassets in Resources */ = {isa = PBXBuildFile; fileRef = 016266C91BCDFE0E009D06E1 /* Assets.xcassets */; };
		016266CD1BCDFE0E009D06E1 /* LaunchScreen.storyboard in Resources */ = {isa = PBXBuildFile; fileRef = 016266CB1BCDFE0E009D06E1 /* LaunchScreen.storyboard */; };
		016266D71BCE016B009D06E1 /* RestaurantTableTableViewController.swift in Sources */ = {isa = PBXBuildFile; fileRef = 016266D61BCE016B009D06E1 /* RestaurantTableTableViewController.swift */; settings = {ASSET_TAGS = (); }; };
		016266D91BCE090E009D06E1 /* CustomTableViewCell.swift in Sources */ = {isa = PBXBuildFile; fileRef = 016266D81BCE090E009D06E1 /* CustomTableViewCell.swift */; settings = {ASSET_TAGS = (); }; };
		016266DB1BCE7BCC009D06E1 /* DetailViewController.swift in Sources */ = {isa = PBXBuildFile; fileRef = 016266DA1BCE7BCC009D06E1 /* DetailViewController.swift */; settings = {ASSET_TAGS = (); }; };
		0178E8DF1BD5365E00E89034 /* Localizable.strings in Resources */ = {isa = PBXBuildFile; fileRef = 0178E8E11BD5365E00E89034 /* Localizable.strings */; };
		0178E8E61BD5365F00E89034 /* InfoPlist.strings in Resources */ = {isa = PBXBuildFile; fileRef = 0178E8E81BD5365F00E89034 /* InfoPlist.strings */; };
		018B868B1BCF620D00864F79 /* DetailTableViewCell.swift in Sources */ = {isa = PBXBuildFile; fileRef = 018B868A1BCF620C00864F79 /* DetailTableViewCell.swift */; settings = {ASSET_TAGS = (); }; };
		018B868D1BCFFE6D00864F79 /* ReviewViewController.swift in Sources */ = {isa = PBXBuildFile; fileRef = 018B868C1BCFFE6D00864F79 /* ReviewViewController.swift */; settings = {ASSET_TAGS = (); }; };
		018E05A21BD0ACD100765D2D /* ShareViewController.swift in Sources */ = {isa = PBXBuildFile; fileRef = 018E05A11BD0ACD100765D2D /* ShareViewController.swift */; settings = {ASSET_TAGS = (); }; };
		018E05C21BD0E2AB00765D2D /* MapKit.framework in Frameworks */ = {isa = PBXBuildFile; fileRef = 018E05C11BD0E2AB00765D2D /* MapKit.framework */; };
		018E05C41BD102EE00765D2D /* MapViewController.swift in Sources */ = {isa = PBXBuildFile; fileRef = 018E05C31BD102EE00765D2D /* MapViewController.swift */; settings = {ASSET_TAGS = (); }; };
		018E05C81BD13AF900765D2D /* AddTableTableViewController.swift in Sources */ = {isa = PBXBuildFile; fileRef = 018E05C71BD13AF900765D2D /* AddTableTableViewController.swift */; settings = {ASSET_TAGS = (); }; };
		0190EDBF1BCE863000729BC9 /* Restaurant.swift in Sources */ = {isa = PBXBuildFile; fileRef = 0190EDBE1BCE863000729BC9 /* Restaurant.swift */; settings = {ASSET_TAGS = (); }; };
		01F89C121BD33EE500C4AB95 /* PageContentViewController.swift in Sources */ = {isa = PBXBuildFile; fileRef = 01F89C111BD33EE500C4AB95 /* PageContentViewController.swift */; settings = {ASSET_TAGS = (); }; };
		01F89C141BD3418100C4AB95 /* PageViewController.swift in Sources */ = {isa = PBXBuildFile; fileRef = 01F89C131BD3418100C4AB95 /* PageViewController.swift */; settings = {ASSET_TAGS = (); }; };
		01F89C161BD3DF1F00C4AB95 /* AboutViewController.swift in Sources */ = {isa = PBXBuildFile; fileRef = 01F89C151BD3DF1F00C4AB95 /* AboutViewController.swift */; settings = {ASSET_TAGS = (); }; };
		01F89C181BD3DF4C00C4AB95 /* WebViewController.swift in Sources */ = {isa = PBXBuildFile; fileRef = 01F89C171BD3DF4C00C4AB95 /* WebViewController.swift */; settings = {ASSET_TAGS = (); }; };
/* End PBXBuildFile section */

/* Begin PBXFileReference section */
		012E9D4F1BD1F5E7004D23CC /* FoodPin.xcdatamodel */ = {isa = PBXFileReference; lastKnownFileType = wrapper.xcdatamodel; path = FoodPin.xcdatamodel; sourceTree = "<group>"; };
		016266BF1BCDFE0E009D06E1 /* FoodPin.app */ = {isa = PBXFileReference; explicitFileType = wrapper.application; includeInIndex = 0; path = FoodPin.app; sourceTree = BUILT_PRODUCTS_DIR; };
		016266C21BCDFE0E009D06E1 /* AppDelegate.swift */ = {isa = PBXFileReference; lastKnownFileType = sourcecode.swift; path = AppDelegate.swift; sourceTree = "<group>"; };
		016266C71BCDFE0E009D06E1 /* Base */ = {isa = PBXFileReference; lastKnownFileType = file.storyboard; name = Base; path = Base.lproj/Main.storyboard; sourceTree = "<group>"; };
		016266C91BCDFE0E009D06E1 /* Assets.xcassets */ = {isa = PBXFileReference; lastKnownFileType = folder.assetcatalog; path = Assets.xcassets; sourceTree = "<group>"; };
		016266CC1BCDFE0E009D06E1 /* Base */ = {isa = PBXFileReference; lastKnownFileType = file.storyboard; name = Base; path = Base.lproj/LaunchScreen.storyboard; sourceTree = "<group>"; };
		016266CE1BCDFE0E009D06E1 /* Info.plist */ = {isa = PBXFileReference; lastKnownFileType = text.plist.xml; path = Info.plist; sourceTree = "<group>"; };
		016266D61BCE016B009D06E1 /* RestaurantTableTableViewController.swift */ = {isa = PBXFileReference; fileEncoding = 4; lastKnownFileType = sourcecode.swift; path = RestaurantTableTableViewController.swift; sourceTree = "<group>"; };
		016266D81BCE090E009D06E1 /* CustomTableViewCell.swift */ = {isa = PBXFileReference; fileEncoding = 4; lastKnownFileType = sourcecode.swift; path = CustomTableViewCell.swift; sourceTree = "<group>"; };
		016266DA1BCE7BCC009D06E1 /* DetailViewController.swift */ = {isa = PBXFileReference; fileEncoding = 4; lastKnownFileType = sourcecode.swift; path = DetailViewController.swift; sourceTree = "<group>"; };
		0178E8E01BD5365E00E89034 /* zh-Hans */ = {isa = PBXFileReference; lastKnownFileType = text.plist.strings; name = "zh-Hans"; path = "zh-Hans.lproj/Localizable.strings"; sourceTree = "<group>"; };
		0178E8E21BD5365E00E89034 /* zh-Hans */ = {isa = PBXFileReference; lastKnownFileType = text.plist.strings; name = "zh-Hans"; path = "zh-Hans.lproj/Main.strings"; sourceTree = "<group>"; };
		0178E8E31BD5365E00E89034 /* zh-Hans */ = {isa = PBXFileReference; lastKnownFileType = text.plist.strings; name = "zh-Hans"; path = "zh-Hans.lproj/LaunchScreen.strings"; sourceTree = "<group>"; };
		0178E8E71BD5365F00E89034 /* zh-Hans */ = {isa = PBXFileReference; lastKnownFileType = text.plist.strings; name = "zh-Hans"; path = "zh-Hans.lproj/InfoPlist.strings"; sourceTree = "<group>"; };
		018B868A1BCF620C00864F79 /* DetailTableViewCell.swift */ = {isa = PBXFileReference; fileEncoding = 4; lastKnownFileType = sourcecode.swift; path = DetailTableViewCell.swift; sourceTree = "<group>"; };
		018B868C1BCFFE6D00864F79 /* ReviewViewController.swift */ = {isa = PBXFileReference; fileEncoding = 4; lastKnownFileType = sourcecode.swift; path = ReviewViewController.swift; sourceTree = "<group>"; };
		018E05A11BD0ACD100765D2D /* ShareViewController.swift */ = {isa = PBXFileReference; fileEncoding = 4; lastKnownFileType = sourcecode.swift; path = ShareViewController.swift; sourceTree = "<group>"; };
		018E05C11BD0E2AB00765D2D /* MapKit.framework */ = {isa = PBXFileReference; lastKnownFileType = wrapper.framework; name = MapKit.framework; path = System/Library/Frameworks/MapKit.framework; sourceTree = SDKROOT; };
		018E05C31BD102EE00765D2D /* MapViewController.swift */ = {isa = PBXFileReference; fileEncoding = 4; lastKnownFileType = sourcecode.swift; path = MapViewController.swift; sourceTree = "<group>"; };
		018E05C71BD13AF900765D2D /* AddTableTableViewController.swift */ = {isa = PBXFileReference; fileEncoding = 4; lastKnownFileType = sourcecode.swift; path = AddTableTableViewController.swift; sourceTree = "<group>"; };
		0190EDBE1BCE863000729BC9 /* Restaurant.swift */ = {isa = PBXFileReference; fileEncoding = 4; lastKnownFileType = sourcecode.swift; path = Restaurant.swift; sourceTree = "<group>"; };
		01F89C111BD33EE500C4AB95 /* PageContentViewController.swift */ = {isa = PBXFileReference; fileEncoding = 4; lastKnownFileType = sourcecode.swift; path = PageContentViewController.swift; sourceTree = "<group>"; };
		01F89C131BD3418100C4AB95 /* PageViewController.swift */ = {isa = PBXFileReference; fileEncoding = 4; lastKnownFileType = sourcecode.swift; path = PageViewController.swift; sourceTree = "<group>"; };
		01F89C151BD3DF1F00C4AB95 /* AboutViewController.swift */ = {isa = PBXFileReference; fileEncoding = 4; lastKnownFileType = sourcecode.swift; path = AboutViewController.swift; sourceTree = "<group>"; };
		01F89C171BD3DF4C00C4AB95 /* WebViewController.swift */ = {isa = PBXFileReference; fileEncoding = 4; lastKnownFileType = sourcecode.swift; path = WebViewController.swift; sourceTree = "<group>"; };
/* End PBXFileReference section */

/* Begin PBXFrameworksBuildPhase section */
		016266BC1BCDFE0E009D06E1 /* Frameworks */ = {
			isa = PBXFrameworksBuildPhase;
			buildActionMask = 2147483647;
			files = (
				018E05C21BD0E2AB00765D2D /* MapKit.framework in Frameworks */,
			);
			runOnlyForDeploymentPostprocessing = 0;
		};
/* End PBXFrameworksBuildPhase section */

/* Begin PBXGroup section */
		016266B61BCDFE0E009D06E1 = {
			isa = PBXGroup;
			children = (
				018E05C11BD0E2AB00765D2D /* MapKit.framework */,
				016266C11BCDFE0E009D06E1 /* FoodPin */,
				016266C01BCDFE0E009D06E1 /* Products */,
			);
			sourceTree = "<group>";
		};
		016266C01BCDFE0E009D06E1 /* Products */ = {
			isa = PBXGroup;
			children = (
				016266BF1BCDFE0E009D06E1 /* FoodPin.app */,
			);
			name = Products;
			sourceTree = "<group>";
		};
		016266C11BCDFE0E009D06E1 /* FoodPin */ = {
			isa = PBXGroup;
			children = (
				0178E8E81BD5365F00E89034 /* InfoPlist.strings */,
				0178E8E11BD5365E00E89034 /* Localizable.strings */,
				016266DE1BCE7BF7009D06E1 /* Controllers */,
				016266DD1BCE7BF1009D06E1 /* Views */,
				016266DC1BCE7BE9009D06E1 /* Models */,
				016266C21BCDFE0E009D06E1 /* AppDelegate.swift */,
				016266C91BCDFE0E009D06E1 /* Assets.xcassets */,
				016266CB1BCDFE0E009D06E1 /* LaunchScreen.storyboard */,
				016266CE1BCDFE0E009D06E1 /* Info.plist */,
			);
			path = FoodPin;
			sourceTree = "<group>";
		};
		016266DC1BCE7BE9009D06E1 /* Models */ = {
			isa = PBXGroup;
			children = (
				012E9D4E1BD1F5E7004D23CC /* FoodPin.xcdatamodeld */,
				0190EDBE1BCE863000729BC9 /* Restaurant.swift */,
			);
			name = Models;
			sourceTree = "<group>";
		};
		016266DD1BCE7BF1009D06E1 /* Views */ = {
			isa = PBXGroup;
			children = (
				016266C61BCDFE0E009D06E1 /* Main.storyboard */,
				016266D81BCE090E009D06E1 /* CustomTableViewCell.swift */,
				018B868A1BCF620C00864F79 /* DetailTableViewCell.swift */,
			);
			name = Views;
			sourceTree = "<group>";
		};
		016266DE1BCE7BF7009D06E1 /* Controllers */ = {
			isa = PBXGroup;
			children = (
				016266D61BCE016B009D06E1 /* RestaurantTableTableViewController.swift */,
				016266DA1BCE7BCC009D06E1 /* DetailViewController.swift */,
				018B868C1BCFFE6D00864F79 /* ReviewViewController.swift */,
				018E05A11BD0ACD100765D2D /* ShareViewController.swift */,
				018E05C31BD102EE00765D2D /* MapViewController.swift */,
				018E05C71BD13AF900765D2D /* AddTableTableViewController.swift */,
				01F89C131BD3418100C4AB95 /* PageViewController.swift */,
				01F89C111BD33EE500C4AB95 /* PageContentViewController.swift */,
				01F89C151BD3DF1F00C4AB95 /* AboutViewController.swift */,
				01F89C171BD3DF4C00C4AB95 /* WebViewController.swift */,
			);
			name = Controllers;
			sourceTree = "<group>";
		};
/* End PBXGroup section */

/* Begin PBXNativeTarget section */
		016266BE1BCDFE0E009D06E1 /* FoodPin */ = {
			isa = PBXNativeTarget;
			buildConfigurationList = 016266D11BCDFE0E009D06E1 /* Build configuration list for PBXNativeTarget "FoodPin" */;
			buildPhases = (
				016266BB1BCDFE0E009D06E1 /* Sources */,
				016266BC1BCDFE0E009D06E1 /* Frameworks */,
				016266BD1BCDFE0E009D06E1 /* Resources */,
			);
			buildRules = (
			);
			dependencies = (
			);
			name = FoodPin;
			productName = FoodPin;
			productReference = 016266BF1BCDFE0E009D06E1 /* FoodPin.app */;
			productType = "com.apple.product-type.application";
		};
/* End PBXNativeTarget section */

/* Begin PBXProject section */
		016266B71BCDFE0E009D06E1 /* Project object */ = {
			isa = PBXProject;
			attributes = {
				LastUpgradeCheck = 0700;
				ORGANIZATIONNAME = AppCoda;
				TargetAttributes = {
					016266BE1BCDFE0E009D06E1 = {
						CreatedOnToolsVersion = 7.0.1;
						DevelopmentTeam = V4C5L4B38Q;
						SystemCapabilities = {
							com.apple.Maps.iOS = {
								enabled = 1;
							};
						};
					};
				};
			};
			buildConfigurationList = 016266BA1BCDFE0E009D06E1 /* Build configuration list for PBXProject "FoodPin" */;
			compatibilityVersion = "Xcode 3.2";
			developmentRegion = English;
			hasScannedForEncodings = 0;
			knownRegions = (
				en,
				Base,
			);
			mainGroup = 016266B61BCDFE0E009D06E1;
			productRefGroup = 016266C01BCDFE0E009D06E1 /* Products */;
			projectDirPath = "";
			projectRoot = "";
			targets = (
				016266BE1BCDFE0E009D06E1 /* FoodPin */,
			);
		};
/* End PBXProject section */

/* Begin PBXResourcesBuildPhase section */
		016266BD1BCDFE0E009D06E1 /* Resources */ = {
			isa = PBXResourcesBuildPhase;
			buildActionMask = 2147483647;
			files = (
				016266CD1BCDFE0E009D06E1 /* LaunchScreen.storyboard in Resources */,
				0178E8DF1BD5365E00E89034 /* Localizable.strings in Resources */,
				016266CA1BCDFE0E009D06E1 /* Assets.xcassets in Resources */,
				016266C81BCDFE0E009D06E1 /* Main.storyboard in Resources */,
				0178E8E61BD5365F00E89034 /* InfoPlist.strings in Resources */,
			);
			runOnlyForDeploymentPostprocessing = 0;
		};
/* End PBXResourcesBuildPhase section */

/* Begin PBXSourcesBuildPhase section */
		016266BB1BCDFE0E009D06E1 /* Sources */ = {
			isa = PBXSourcesBuildPhase;
			buildActionMask = 2147483647;
			files = (
				018E05C81BD13AF900765D2D /* AddTableTableViewController.swift in Sources */,
				012E9D501BD1F5E7004D23CC /* FoodPin.xcdatamodeld in Sources */,
				018B868B1BCF620D00864F79 /* DetailTableViewCell.swift in Sources */,
				0190EDBF1BCE863000729BC9 /* Restaurant.swift in Sources */,
				018B868D1BCFFE6D00864F79 /* ReviewViewController.swift in Sources */,
				016266D91BCE090E009D06E1 /* CustomTableViewCell.swift in Sources */,
				018E05C41BD102EE00765D2D /* MapViewController.swift in Sources */,
				016266C31BCDFE0E009D06E1 /* AppDelegate.swift in Sources */,
				016266D71BCE016B009D06E1 /* RestaurantTableTableViewController.swift in Sources */,
				01F89C121BD33EE500C4AB95 /* PageContentViewController.swift in Sources */,
				01F89C161BD3DF1F00C4AB95 /* AboutViewController.swift in Sources */,
				01F89C141BD3418100C4AB95 /* PageViewController.swift in Sources */,
				018E05A21BD0ACD100765D2D /* ShareViewController.swift in Sources */,
				01F89C181BD3DF4C00C4AB95 /* WebViewController.swift in Sources */,
				016266DB1BCE7BCC009D06E1 /* DetailViewController.swift in Sources */,
			);
			runOnlyForDeploymentPostprocessing = 0;
		};
/* End PBXSourcesBuildPhase section */

/* Begin PBXVariantGroup section */
		016266C61BCDFE0E009D06E1 /* Main.storyboard */ = {
			isa = PBXVariantGroup;
			children = (
				016266C71BCDFE0E009D06E1 /* Base */,
				0178E8E21BD5365E00E89034 /* zh-Hans */,
			);
			name = Main.storyboard;
			sourceTree = "<group>";
		};
		016266CB1BCDFE0E009D06E1 /* LaunchScreen.storyboard */ = {
			isa = PBXVariantGroup;
			children = (
				016266CC1BCDFE0E009D06E1 /* Base */,
				0178E8E31BD5365E00E89034 /* zh-Hans */,
			);
			name = LaunchScreen.storyboard;
			sourceTree = "<group>";
		};
		0178E8E11BD5365E00E89034 /* Localizable.strings */ = {
			isa = PBXVariantGroup;
			children = (
				0178E8E01BD5365E00E89034 /* zh-Hans */,
			);
			name = Localizable.strings;
			sourceTree = "<group>";
		};
		0178E8E81BD5365F00E89034 /* InfoPlist.strings */ = {
			isa = PBXVariantGroup;
			children = (
				0178E8E71BD5365F00E89034 /* zh-Hans */,
			);
			name = InfoPlist.strings;
			sourceTree = "<group>";
		};
/* End PBXVariantGroup section */

/* Begin XCBuildConfiguration section */
		016266CF1BCDFE0E009D06E1 /* Debug */ = {
			isa = XCBuildConfiguration;
			buildSettings = {
				ALWAYS_SEARCH_USER_PATHS = NO;
				CLANG_CXX_LANGUAGE_STANDARD = "gnu++0x";
				CLANG_CXX_LIBRARY = "libc++";
				CLANG_ENABLE_MODULES = YES;
				CLANG_ENABLE_OBJC_ARC = YES;
				CLANG_WARN_BOOL_CONVERSION = YES;
				CLANG_WARN_CONSTANT_CONVERSION = YES;
				CLANG_WARN_DIRECT_OBJC_ISA_USAGE = YES_ERROR;
				CLANG_WARN_EMPTY_BODY = YES;
				CLANG_WARN_ENUM_CONVERSION = YES;
				CLANG_WARN_INT_CONVERSION = YES;
				CLANG_WARN_OBJC_ROOT_CLASS = YES_ERROR;
				CLANG_WARN_UNREACHABLE_CODE = YES;
				CLANG_WARN__DUPLICATE_METHOD_MATCH = YES;
				"CODE_SIGN_IDENTITY[sdk=iphoneos*]" = "iPhone Developer";
				COPY_PHASE_STRIP = NO;
				DEBUG_INFORMATION_FORMAT = dwarf;
				ENABLE_STRICT_OBJC_MSGSEND = YES;
				ENABLE_TESTABILITY = YES;
				GCC_C_LANGUAGE_STANDARD = gnu99;
				GCC_DYNAMIC_NO_PIC = NO;
				GCC_NO_COMMON_BLOCKS = YES;
				GCC_OPTIMIZATION_LEVEL = 0;
				GCC_PREPROCESSOR_DEFINITIONS = (
					"DEBUG=1",
					"$(inherited)",
				);
				GCC_WARN_64_TO_32_BIT_CONVERSION = YES;
				GCC_WARN_ABOUT_RETURN_TYPE = YES_ERROR;
				GCC_WARN_UNDECLARED_SELECTOR = YES;
				GCC_WARN_UNINITIALIZED_AUTOS = YES_AGGRESSIVE;
				GCC_WARN_UNUSED_FUNCTION = YES;
				GCC_WARN_UNUSED_VARIABLE = YES;
				IPHONEOS_DEPLOYMENT_TARGET = 9.0;
				MTL_ENABLE_DEBUG_INFO = YES;
				ONLY_ACTIVE_ARCH = YES;
				SDKROOT = iphoneos;
				SWIFT_OPTIMIZATION_LEVEL = "-Onone";
				TARGETED_DEVICE_FAMILY = "1,2";
			};
			name = Debug;
		};
		016266D01BCDFE0E009D06E1 /* Release */ = {
			isa = XCBuildConfiguration;
			buildSettings = {
				ALWAYS_SEARCH_USER_PATHS = NO;
				CLANG_CXX_LANGUAGE_STANDARD = "gnu++0x";
				CLANG_CXX_LIBRARY = "libc++";
				CLANG_ENABLE_MODULES = YES;
				CLANG_ENABLE_OBJC_ARC = YES;
				CLANG_WARN_BOOL_CONVERSION = YES;
				CLANG_WARN_CONSTANT_CONVERSION = YES;
				CLANG_WARN_DIRECT_OBJC_ISA_USAGE = YES_ERROR;
				CLANG_WARN_EMPTY_BODY = YES;
				CLANG_WARN_ENUM_CONVERSION = YES;
				CLANG_WARN_INT_CONVERSION = YES;
				CLANG_WARN_OBJC_ROOT_CLASS = YES_ERROR;
				CLANG_WARN_UNREACHABLE_CODE = YES;
				CLANG_WARN__DUPLICATE_METHOD_MATCH = YES;
				"CODE_SIGN_IDENTITY[sdk=iphoneos*]" = "iPhone Developer";
				COPY_PHASE_STRIP = NO;
				DEBUG_INFORMATION_FORMAT = "dwarf-with-dsym";
				ENABLE_NS_ASSERTIONS = NO;
				ENABLE_STRICT_OBJC_MSGSEND = YES;
				GCC_C_LANGUAGE_STANDARD = gnu99;
				GCC_NO_COMMON_BLOCKS = YES;
				GCC_WARN_64_TO_32_BIT_CONVERSION = YES;
				GCC_WARN_ABOUT_RETURN_TYPE = YES_ERROR;
				GCC_WARN_UNDECLARED_SELECTOR = YES;
				GCC_WARN_UNINITIALIZED_AUTOS = YES_AGGRESSIVE;
				GCC_WARN_UNUSED_FUNCTION = YES;
				GCC_WARN_UNUSED_VARIABLE = YES;
				IPHONEOS_DEPLOYMENT_TARGET = 9.0;
				MTL_ENABLE_DEBUG_INFO = NO;
				SDKROOT = iphoneos;
				TARGETED_DEVICE_FAMILY = "1,2";
				VALIDATE_PRODUCT = YES;
			};
			name = Release;
		};
		016266D21BCDFE0E009D06E1 /* Debug */ = {
			isa = XCBuildConfiguration;
			buildSettings = {
				ASSETCATALOG_COMPILER_APPICON_NAME = AppIcon;
				INFOPLIST_FILE = FoodPin/Info.plist;
				LD_RUNPATH_SEARCH_PATHS = "$(inherited) @executable_path/Frameworks";
				PRODUCT_BUNDLE_IDENTIFIER = com.appcoda.liuweiFoodPin;
				PRODUCT_NAME = "$(TARGET_NAME)";
			};
			name = Debug;
		};
		016266D31BCDFE0E009D06E1 /* Release */ = {
			isa = XCBuildConfiguration;
			buildSettings = {
				ASSETCATALOG_COMPILER_APPICON_NAME = AppIcon;
				INFOPLIST_FILE = FoodPin/Info.plist;
				LD_RUNPATH_SEARCH_PATHS = "$(inherited) @executable_path/Frameworks";
				PRODUCT_BUNDLE_IDENTIFIER = com.appcoda.liuweiFoodPin;
				PRODUCT_NAME = "$(TARGET_NAME)";
			};
			name = Release;
		};
/* End XCBuildConfiguration section */

/* Begin XCConfigurationList section */
		016266BA1BCDFE0E009D06E1 /* Build configuration list for PBXProject "FoodPin" */ = {
			isa = XCConfigurationList;
			buildConfigurations = (
				016266CF1BCDFE0E009D06E1 /* Debug */,
				016266D01BCDFE0E009D06E1 /* Release */,
			);
			defaultConfigurationIsVisible = 0;
			defaultConfigurationName = Release;
		};
		016266D11BCDFE0E009D06E1 /* Build configuration list for PBXNativeTarget "FoodPin" */ = {
			isa = XCConfigurationList;
			buildConfigurations = (
				016266D21BCDFE0E009D06E1 /* Debug */,
				016266D31BCDFE0E009D06E1 /* Release */,
			);
			defaultConfigurationIsVisible = 0;
			defaultConfigurationName = Release;
		};
/* End XCConfigurationList section */

/* Begin XCVersionGroup section */
		012E9D4E1BD1F5E7004D23CC /* FoodPin.xcdatamodeld */ = {
			isa = XCVersionGroup;
			children = (
				012E9D4F1BD1F5E7004D23CC /* FoodPin.xcdatamodel */,
			);
			currentVersion = 012E9D4F1BD1F5E7004D23CC /* FoodPin.xcdatamodel */;
			path = FoodPin.xcdatamodeld;
			sourceTree = "<group>";
			versionGroupType = wrapper.xcdatamodel;
		};
/* End XCVersionGroup section */
	};
	rootObject = 016266B71BCDFE0E009D06E1 /* Project object */;
}
